
Microsoft Visual Studio Solution File, Format Version 12.00
# Visual Studio Version 17
VisualStudioVersion = 17.0.32112.339
MinimumVisualStudioVersion = 10.0.40219.1
Project("{FAE04EC0-301F-11D3-BF4B-00C04F79EFBC}") = "HealthyApp", "HealthyApp\HealthyApp.csproj", "{5EE58357-872D-4875-A39E-4446A9DF268D}"
EndProject
Global
	GlobalSection(SolutionConfigurationPlatforms) = preSolution
		Debug|Any CPU = Debug|Any CPU
		Release|Any CPU = Release|Any CPU
	EndGlobalSection
	GlobalSection(ProjectConfigurationPlatforms) = postSolution
		{5EE58357-872D-4875-A39E-4446A9DF268D}.Debug|Any CPU.ActiveCfg = Debug|Any CPU
		{5EE58357-872D-4875-A39E-4446A9DF268D}.Debug|Any CPU.Build.0 = Debug|Any CPU
		{5EE58357-872D-4875-A39E-4446A9DF268D}.Release|Any CPU.ActiveCfg = Release|Any CPU
		{5EE58357-872D-4875-A39E-4446A9DF268D}.Release|Any CPU.Build.0 = Release|Any CPU
	EndGlobalSection
	GlobalSection(SolutionProperties) = preSolution
		HideSolutionNode = FALSE
	EndGlobalSection
	GlobalSection(ExtensibilityGlobals) = postSolution
		SolutionGuid = {FF84FF52-0F4A-47B3-92F3-7A782B625BF5}
	EndGlobalSection
EndGlobal
